
Microsoft Visual Studio Solution File, Format Version 12.00
# Visual Studio 15
Project("{FAE04EC0-301F-11D3-BF4B-00C04F79EFBC}") = "Assembly-CSharp", "Assembly-CSharp.csproj", "{21DB6AE3-2A56-5C5C-25AB-7BE8C2D71723}"
EndProject
Project("{FAE04EC0-301F-11D3-BF4B-00C04F79EFBC}") = "Assembly-CSharp-Editor", "Assembly-CSharp-Editor.csproj", "{EA71A3DA-205B-AD72-50D3-33E61406C893}"
EndProject
Global
	GlobalSection(SolutionConfigurationPlatforms) = preSolution
		Debug|Any CPU = Debug|Any CPU
		Release|Any CPU = Release|Any CPU
	EndGlobalSection
	GlobalSection(ProjectConfigurationPlatforms) = postSolution
		{21DB6AE3-2A56-5C5C-25AB-7BE8C2D71723}.Debug|Any CPU.ActiveCfg = Debug|Any CPU
		{21DB6AE3-2A56-5C5C-25AB-7BE8C2D71723}.Debug|Any CPU.Build.0 = Debug|Any CPU
		{21DB6AE3-2A56-5C5C-25AB-7BE8C2D71723}.Release|Any CPU.ActiveCfg = Release|Any CPU
		{21DB6AE3-2A56-5C5C-25AB-7BE8C2D71723}.Release|Any CPU.Build.0 = Release|Any CPU
		{EA71A3DA-205B-AD72-50D3-33E61406C893}.Debug|Any CPU.ActiveCfg = Debug|Any CPU
		{EA71A3DA-205B-AD72-50D3-33E61406C893}.Debug|Any CPU.Build.0 = Debug|Any CPU
		{EA71A3DA-205B-AD72-50D3-33E61406C893}.Release|Any CPU.ActiveCfg = Release|Any CPU
		{EA71A3DA-205B-AD72-50D3-33E61406C893}.Release|Any CPU.Build.0 = Release|Any CPU
	EndGlobalSection
	GlobalSection(SolutionProperties) = preSolution
		HideSolutionNode = FALSE
	EndGlobalSection
EndGlobal
